
Microsoft Visual Studio Solution File, Format Version 12.00
# Visual Studio 15
Project("{FAE04EC0-301F-11D3-BF4B-00C04F79EFBC}") = "Assembly-CSharp", "Assembly-CSharp.csproj", "{0E441DC6-5CDD-05C6-8DA0-8948D92B8982}"
EndProject
Project("{FAE04EC0-301F-11D3-BF4B-00C04F79EFBC}") = "OPS.Obfuscator", "OPS.Obfuscator.csproj", "{B897EFE4-F678-B6B2-738C-F5DECB906440}"
EndProject
Project("{FAE04EC0-301F-11D3-BF4B-00C04F79EFBC}") = "Assembly-CSharp-Editor", "Assembly-CSharp-Editor.csproj", "{4212D747-8E5E-12E7-4C2F-D906702755E6}"
EndProject
Global
	GlobalSection(SolutionConfigurationPlatforms) = preSolution
		Debug|Any CPU = Debug|Any CPU
		Release|Any CPU = Release|Any CPU
	EndGlobalSection
	GlobalSection(ProjectConfigurationPlatforms) = postSolution
		{0E441DC6-5CDD-05C6-8DA0-8948D92B8982}.Debug|Any CPU.ActiveCfg = Debug|Any CPU
		{0E441DC6-5CDD-05C6-8DA0-8948D92B8982}.Debug|Any CPU.Build.0 = Debug|Any CPU
		{0E441DC6-5CDD-05C6-8DA0-8948D92B8982}.Release|Any CPU.ActiveCfg = Release|Any CPU
		{0E441DC6-5CDD-05C6-8DA0-8948D92B8982}.Release|Any CPU.Build.0 = Release|Any CPU
		{B897EFE4-F678-B6B2-738C-F5DECB906440}.Debug|Any CPU.ActiveCfg = Debug|Any CPU
		{B897EFE4-F678-B6B2-738C-F5DECB906440}.Debug|Any CPU.Build.0 = Debug|Any CPU
		{B897EFE4-F678-B6B2-738C-F5DECB906440}.Release|Any CPU.ActiveCfg = Release|Any CPU
		{B897EFE4-F678-B6B2-738C-F5DECB906440}.Release|Any CPU.Build.0 = Release|Any CPU
		{4212D747-8E5E-12E7-4C2F-D906702755E6}.Debug|Any CPU.ActiveCfg = Debug|Any CPU
		{4212D747-8E5E-12E7-4C2F-D906702755E6}.Debug|Any CPU.Build.0 = Debug|Any CPU
		{4212D747-8E5E-12E7-4C2F-D906702755E6}.Release|Any CPU.ActiveCfg = Release|Any CPU
		{4212D747-8E5E-12E7-4C2F-D906702755E6}.Release|Any CPU.Build.0 = Release|Any CPU
	EndGlobalSection
	GlobalSection(SolutionProperties) = preSolution
		HideSolutionNode = FALSE
	EndGlobalSection
EndGlobal
